
Microsoft Visual Studio Solution File, Format Version 12.00
# Visual Studio Version 16
VisualStudioVersion = 16.0.31702.278
MinimumVisualStudioVersion = 10.0.40219.1
Project("{FAE04EC0-301F-11D3-BF4B-00C04F79EFBC}") = "Project Draft 1", "Project Draft 1\Project Draft 1.csproj", "{8C370579-103D-4C96-8728-8034E47BD7D2}"
EndProject
Global
	GlobalSection(SolutionConfigurationPlatforms) = preSolution
		Debug|Any CPU = Debug|Any CPU
		Release|Any CPU = Release|Any CPU
	EndGlobalSection
	GlobalSection(ProjectConfigurationPlatforms) = postSolution
		{8C370579-103D-4C96-8728-8034E47BD7D2}.Debug|Any CPU.ActiveCfg = Debug|Any CPU
		{8C370579-103D-4C96-8728-8034E47BD7D2}.Debug|Any CPU.Build.0 = Debug|Any CPU
		{8C370579-103D-4C96-8728-8034E47BD7D2}.Release|Any CPU.ActiveCfg = Release|Any CPU
		{8C370579-103D-4C96-8728-8034E47BD7D2}.Release|Any CPU.Build.0 = Release|Any CPU
	EndGlobalSection
	GlobalSection(SolutionProperties) = preSolution
		HideSolutionNode = FALSE
	EndGlobalSection
	GlobalSection(ExtensibilityGlobals) = postSolution
		SolutionGuid = {12800B4C-AC8E-4589-B752-1B771B8B5500}
	EndGlobalSection
EndGlobal
